
Microsoft Visual Studio Solution File, Format Version 12.00
# Visual Studio Version 16
VisualStudioVersion = 16.0.28922.388
MinimumVisualStudioVersion = 10.0.40219.1
Project("{8BC9CEB8-8B4A-11D0-8D11-00A0C91BC942}") = "ECET 11", "ECET 11\ECET 11.vcxproj", "{8903389C-B7B3-4909-B308-7B0256FB15FA}"
EndProject
Project("{2150E333-8FDC-42A3-9474-1A3956D46DE8}") = "Lab", "Lab", "{DB85A9B5-7BB6-498E-9FC5-1F43D191D61F}"
EndProject
Project("{2150E333-8FDC-42A3-9474-1A3956D46DE8}") = "Lab 1", "Lab 1", "{B2F2DA53-93C5-4858-8063-2F25CB808199}"
EndProject
Project("{8BC9CEB8-8B4A-11D0-8D11-00A0C91BC942}") = "Lab 1.1 - Account Class", "ECET 11\Grade 11\Lab\Lab 1\Lab 1.1 - Account Class\Lab 1.1 - Account Class\Lab 1.1 - Account Class.vcxproj", "{E99D6E54-CA74-43CA-A6D8-1F7A4303F693}"
EndProject
Project("{8BC9CEB8-8B4A-11D0-8D11-00A0C91BC942}") = "Lab 1.2 - Invoice Class", "ECET 11\Grade 11\Lab\Lab 1\Lab 1.2 - Invoice Class\Lab 1.2 - Invoice Class\Lab 1.2 - Invoice Class.vcxproj", "{0B648EFE-0675-4E10-A18E-22BE11E10511}"
EndProject
Project("{8BC9CEB8-8B4A-11D0-8D11-00A0C91BC942}") = "Lab 1.3 - Employee Class", "ECET 11\Grade 11\Lab\Lab 1\Lab 1.3 - Employee Class\Lab 1.3 - Employee Class\Lab 1.3 - Employee Class.vcxproj", "{9E402F9D-905B-4E77-A028-668F498E1729}"
EndProject
Project("{2150E333-8FDC-42A3-9474-1A3956D46DE8}") = "Lab 2", "Lab 2", "{CEE46FFD-B0E9-492D-9642-D260FF4F22F9}"
EndProject
Project("{8BC9CEB8-8B4A-11D0-8D11-00A0C91BC942}") = "Lab 2.1 - Complex Class", "ECET 11\Grade 11\Lab\Lab 2\Lab 2.1 - Complex Class\Lab 2.1 - Complex Class\Lab 2.1 - Complex Class.vcxproj", "{4C2CBF87-B59F-4E21-8651-D4CCBB2FD73B}"
EndProject
Project("{8BC9CEB8-8B4A-11D0-8D11-00A0C91BC942}") = "Lab 1.4 - Date Class", "ECET 11\Grade 11\Lab\Lab 1\Lab 1.4 - Date Class\Lab 1.4 - Date Class\Lab 1.4 - Date Class.vcxproj", "{5648ECD6-4DDC-4C60-A487-347931B3E753}"
EndProject
Project("{2150E333-8FDC-42A3-9474-1A3956D46DE8}") = "Lab 3", "Lab 3", "{E0919925-A93B-4729-9F9B-37A9A09EB56A}"
EndProject
Project("{8BC9CEB8-8B4A-11D0-8D11-00A0C91BC942}") = "Lab 3.1 - Salespeople Comission", "ECET 11\Grade 11\Lab\Lab 3\Lab 3.1 - Salespeople Comission\Lab 3.1 - Salespeople Comission\Lab 3.1 - Salespeople Comission.vcxproj", "{9140ABE3-BACC-4E38-A04A-598C5FE1A344}"
EndProject
Project("{8BC9CEB8-8B4A-11D0-8D11-00A0C91BC942}") = "Lab 3.2 - Valid Numbers", "ECET 11\Grade 11\Lab\Lab 3\Lab 3.2 - Valid Numbers\Lab 3.2 - Valid Numbers\Lab 3.2 - Valid Numbers.vcxproj", "{6C9CA200-09E8-4A91-985E-D01647EA8BA9}"
EndProject
Project("{8BC9CEB8-8B4A-11D0-8D11-00A0C91BC942}") = "Lab 3.3 - Dice", "ECET 11\Grade 11\Lab\Lab 3\Lab 3.3 - Dice\Lab 3.3 - Dice\Lab 3.3 - Dice.vcxproj", "{D16A1924-CFE8-493B-8915-9068C80FF162}"
EndProject
Project("{8BC9CEB8-8B4A-11D0-8D11-00A0C91BC942}") = "Lab 3.4 - Airline Reservation System", "ECET 11\Grade 11\Lab\Lab 3\Lab 3.4 - Airline Reservation System\Lab 3.4 - Airline Reservation System\Lab 3.4 - Airline Reservation System.vcxproj", "{DE06DEB0-B917-4E39-B9C1-B40E158C8287}"
EndProject
Project("{8BC9CEB8-8B4A-11D0-8D11-00A0C91BC942}") = "Lab 3.5 - Sieve of Eratosthenes", "ECET 11\Grade 11\Lab\Lab 3\Lab 3.5 - Sieve of Eratosthenes\Lab 3.5 - Sieve of Eratosthenes\Lab 3.5 - Sieve of Eratosthenes.vcxproj", "{4D3018B4-6A0F-431C-BF02-75AD66535A27}"
EndProject
Project("{2150E333-8FDC-42A3-9474-1A3956D46DE8}") = "Lab 4", "Lab 4", "{77B6CE31-394A-46D4-AA80-3FEBBCDA4961}"
EndProject
Project("{2150E333-8FDC-42A3-9474-1A3956D46DE8}") = "Lab 5", "Lab 5", "{5BCC9C1B-A0CF-439F-B1E8-FAD4B2F7B033}"
EndProject
Project("{8BC9CEB8-8B4A-11D0-8D11-00A0C91BC942}") = "Lab 5.1 - Polynomial Class", "ECET 11\Grade 11\Lab\Lab 5\Lab 5.1 - Polynomial Class\Lab 5.1 - Polynomial Class\Lab 5.1 - Polynomial Class.vcxproj", "{78352647-994C-4F16-A864-05CDFC42B8EB}"
EndProject
Project("{8BC9CEB8-8B4A-11D0-8D11-00A0C91BC942}") = "Lab 2.3 - Rectangle Class", "ECET 11\Grade 11\Lab\Lab 2\Lab 2.3 - Rectangle Class\Lab 2.3 - Rectangle Class\Lab 2.3 - Rectangle Class.vcxproj", "{A8B3FAEE-57EA-4A2F-92BD-123DADB0EDA9}"
EndProject
Project("{8BC9CEB8-8B4A-11D0-8D11-00A0C91BC942}") = "Lab 2.4 - TicTacToe Lab", "ECET 11\Grade 11\Lab\Lab 2\Lab 2.4 - TicTacToe Lab\Lab 2.4 - TicTacToe Lab\Lab 2.4 - TicTacToe Lab.vcxproj", "{14D58B35-D5A7-4A54-8593-271868AF3C03}"
EndProject
Project("{8BC9CEB8-8B4A-11D0-8D11-00A0C91BC942}") = "Lab 2.2 - Rational Class", "ECET 11\Grade 11\Lab\Lab 2\Lab 2.2 - Rational Class\Lab 2.2 - Rational Class\Lab 2.2 - Rational Class.vcxproj", "{0A848DEE-B871-4EB3-BCAA-F9D3B2EE2186}"
EndProject
Project("{8BC9CEB8-8B4A-11D0-8D11-00A0C91BC942}") = "Complex Operator Overloading Lab", "ECET 11\Grade 11\Lab\Complex Operator Overloading Lab\Complex Operator Overloading Lab\Complex Operator Overloading Lab.vcxproj", "{A75ACC9C-0F6F-4488-958D-5523D7D99700}"
EndProject
Project("{8BC9CEB8-8B4A-11D0-8D11-00A0C91BC942}") = "Lab 4.2 - Maze Traversal", "ECET 11\Grade 11\Lab\Lab 4\Lab 4.2 - Maze Traversal\Lab 4.2 - Maze Traversal\Lab 4.2 - Maze Traversal.vcxproj", "{18F243D3-06B8-4C71-B728-714A6FDD623F}"
EndProject
Project("{8BC9CEB8-8B4A-11D0-8D11-00A0C91BC942}") = "Lab 4.3 - Check Protection", "ECET 11\Grade 11\Lab\Lab 4\Lab 4.3 - Check Protection\Lab 4.3 - Check Protection\Lab 4.3 - Check Protection.vcxproj", "{D2AAC811-36F3-4164-AB59-E2B24ED162F9}"
EndProject
Project("{8BC9CEB8-8B4A-11D0-8D11-00A0C91BC942}") = "Lab 4.1 - Quicksort", "ECET 11\Grade 11\Lab\Lab 4\Lab 4.1 - Quicksort\Lab 4.1 - Quicksort\Lab 4.1 - Quicksort.vcxproj", "{3445FB2D-1515-4036-BFF1-CD9233478F74}"
EndProject
Global
	GlobalSection(SolutionConfigurationPlatforms) = preSolution
		Debug|x64 = Debug|x64
		Debug|x86 = Debug|x86
		Release|x64 = Release|x64
		Release|x86 = Release|x86
	EndGlobalSection
	GlobalSection(ProjectConfigurationPlatforms) = postSolution
		{8903389C-B7B3-4909-B308-7B0256FB15FA}.Debug|x64.ActiveCfg = Debug|x64
		{8903389C-B7B3-4909-B308-7B0256FB15FA}.Debug|x64.Build.0 = Debug|x64
		{8903389C-B7B3-4909-B308-7B0256FB15FA}.Debug|x86.ActiveCfg = Debug|Win32
		{8903389C-B7B3-4909-B308-7B0256FB15FA}.Debug|x86.Build.0 = Debug|Win32
		{8903389C-B7B3-4909-B308-7B0256FB15FA}.Release|x64.ActiveCfg = Release|x64
		{8903389C-B7B3-4909-B308-7B0256FB15FA}.Release|x64.Build.0 = Release|x64
		{8903389C-B7B3-4909-B308-7B0256FB15FA}.Release|x86.ActiveCfg = Release|Win32
		{8903389C-B7B3-4909-B308-7B0256FB15FA}.Release|x86.Build.0 = Release|Win32
		{E99D6E54-CA74-43CA-A6D8-1F7A4303F693}.Debug|x64.ActiveCfg = Debug|x64
		{E99D6E54-CA74-43CA-A6D8-1F7A4303F693}.Debug|x64.Build.0 = Debug|x64
		{E99D6E54-CA74-43CA-A6D8-1F7A4303F693}.Debug|x86.ActiveCfg = Debug|Win32
		{E99D6E54-CA74-43CA-A6D8-1F7A4303F693}.Debug|x86.Build.0 = Debug|Win32
		{E99D6E54-CA74-43CA-A6D8-1F7A4303F693}.Release|x64.ActiveCfg = Release|x64
		{E99D6E54-CA74-43CA-A6D8-1F7A4303F693}.Release|x64.Build.0 = Release|x64
		{E99D6E54-CA74-43CA-A6D8-1F7A4303F693}.Release|x86.ActiveCfg = Release|Win32
		{E99D6E54-CA74-43CA-A6D8-1F7A4303F693}.Release|x86.Build.0 = Release|Win32
		{0B648EFE-0675-4E10-A18E-22BE11E10511}.Debug|x64.ActiveCfg = Debug|x64
		{0B648EFE-0675-4E10-A18E-22BE11E10511}.Debug|x64.Build.0 = Debug|x64
		{0B648EFE-0675-4E10-A18E-22BE11E10511}.Debug|x86.ActiveCfg = Debug|Win32
		{0B648EFE-0675-4E10-A18E-22BE11E10511}.Debug|x86.Build.0 = Debug|Win32
		{0B648EFE-0675-4E10-A18E-22BE11E10511}.Release|x64.ActiveCfg = Release|x64
		{0B648EFE-0675-4E10-A18E-22BE11E10511}.Release|x64.Build.0 = Release|x64
		{0B648EFE-0675-4E10-A18E-22BE11E10511}.Release|x86.ActiveCfg = Release|Win32
		{0B648EFE-0675-4E10-A18E-22BE11E10511}.Release|x86.Build.0 = Release|Win32
		{9E402F9D-905B-4E77-A028-668F498E1729}.Debug|x64.ActiveCfg = Debug|x64
		{9E402F9D-905B-4E77-A028-668F498E1729}.Debug|x64.Build.0 = Debug|x64
		{9E402F9D-905B-4E77-A028-668F498E1729}.Debug|x86.ActiveCfg = Debug|Win32
		{9E402F9D-905B-4E77-A028-668F498E1729}.Debug|x86.Build.0 = Debug|Win32
		{9E402F9D-905B-4E77-A028-668F498E1729}.Release|x64.ActiveCfg = Release|x64
		{9E402F9D-905B-4E77-A028-668F498E1729}.Release|x64.Build.0 = Release|x64
		{9E402F9D-905B-4E77-A028-668F498E1729}.Release|x86.ActiveCfg = Release|Win32
		{9E402F9D-905B-4E77-A028-668F498E1729}.Release|x86.Build.0 = Release|Win32
		{4C2CBF87-B59F-4E21-8651-D4CCBB2FD73B}.Debug|x64.ActiveCfg = Debug|x64
		{4C2CBF87-B59F-4E21-8651-D4CCBB2FD73B}.Debug|x64.Build.0 = Debug|x64
		{4C2CBF87-B59F-4E21-8651-D4CCBB2FD73B}.Debug|x86.ActiveCfg = Debug|Win32
		{4C2CBF87-B59F-4E21-8651-D4CCBB2FD73B}.Debug|x86.Build.0 = Debug|Win32
		{4C2CBF87-B59F-4E21-8651-D4CCBB2FD73B}.Release|x64.ActiveCfg = Release|x64
		{4C2CBF87-B59F-4E21-8651-D4CCBB2FD73B}.Release|x64.Build.0 = Release|x64
		{4C2CBF87-B59F-4E21-8651-D4CCBB2FD73B}.Release|x86.ActiveCfg = Release|Win32
		{4C2CBF87-B59F-4E21-8651-D4CCBB2FD73B}.Release|x86.Build.0 = Release|Win32
		{5648ECD6-4DDC-4C60-A487-347931B3E753}.Debug|x64.ActiveCfg = Debug|x64
		{5648ECD6-4DDC-4C60-A487-347931B3E753}.Debug|x64.Build.0 = Debug|x64
		{5648ECD6-4DDC-4C60-A487-347931B3E753}.Debug|x86.ActiveCfg = Debug|Win32
		{5648ECD6-4DDC-4C60-A487-347931B3E753}.Debug|x86.Build.0 = Debug|Win32
		{5648ECD6-4DDC-4C60-A487-347931B3E753}.Release|x64.ActiveCfg = Release|x64
		{5648ECD6-4DDC-4C60-A487-347931B3E753}.Release|x64.Build.0 = Release|x64
		{5648ECD6-4DDC-4C60-A487-347931B3E753}.Release|x86.ActiveCfg = Release|Win32
		{5648ECD6-4DDC-4C60-A487-347931B3E753}.Release|x86.Build.0 = Release|Win32
		{9140ABE3-BACC-4E38-A04A-598C5FE1A344}.Debug|x64.ActiveCfg = Debug|x64
		{9140ABE3-BACC-4E38-A04A-598C5FE1A344}.Debug|x64.Build.0 = Debug|x64
		{9140ABE3-BACC-4E38-A04A-598C5FE1A344}.Debug|x86.ActiveCfg = Debug|Win32
		{9140ABE3-BACC-4E38-A04A-598C5FE1A344}.Debug|x86.Build.0 = Debug|Win32
		{9140ABE3-BACC-4E38-A04A-598C5FE1A344}.Release|x64.ActiveCfg = Release|x64
		{9140ABE3-BACC-4E38-A04A-598C5FE1A344}.Release|x64.Build.0 = Release|x64
		{9140ABE3-BACC-4E38-A04A-598C5FE1A344}.Release|x86.ActiveCfg = Release|Win32
		{9140ABE3-BACC-4E38-A04A-598C5FE1A344}.Release|x86.Build.0 = Release|Win32
		{6C9CA200-09E8-4A91-985E-D01647EA8BA9}.Debug|x64.ActiveCfg = Debug|x64
		{6C9CA200-09E8-4A91-985E-D01647EA8BA9}.Debug|x64.Build.0 = Debug|x64
		{6C9CA200-09E8-4A91-985E-D01647EA8BA9}.Debug|x86.ActiveCfg = Debug|Win32
		{6C9CA200-09E8-4A91-985E-D01647EA8BA9}.Debug|x86.Build.0 = Debug|Win32
		{6C9CA200-09E8-4A91-985E-D01647EA8BA9}.Release|x64.ActiveCfg = Release|x64
		{6C9CA200-09E8-4A91-985E-D01647EA8BA9}.Release|x64.Build.0 = Release|x64
		{6C9CA200-09E8-4A91-985E-D01647EA8BA9}.Release|x86.ActiveCfg = Release|Win32
		{6C9CA200-09E8-4A91-985E-D01647EA8BA9}.Release|x86.Build.0 = Release|Win32
		{D16A1924-CFE8-493B-8915-9068C80FF162}.Debug|x64.ActiveCfg = Debug|x64
		{D16A1924-CFE8-493B-8915-9068C80FF162}.Debug|x64.Build.0 = Debug|x64
		{D16A1924-CFE8-493B-8915-9068C80FF162}.Debug|x86.ActiveCfg = Debug|Win32
		{D16A1924-CFE8-493B-8915-9068C80FF162}.Debug|x86.Build.0 = Debug|Win32
		{D16A1924-CFE8-493B-8915-9068C80FF162}.Release|x64.ActiveCfg = Release|x64
		{D16A1924-CFE8-493B-8915-9068C80FF162}.Release|x64.Build.0 = Release|x64
		{D16A1924-CFE8-493B-8915-9068C80FF162}.Release|x86.ActiveCfg = Release|Win32
		{D16A1924-CFE8-493B-8915-9068C80FF162}.Release|x86.Build.0 = Release|Win32
		{DE06DEB0-B917-4E39-B9C1-B40E158C8287}.Debug|x64.ActiveCfg = Debug|x64
		{DE06DEB0-B917-4E39-B9C1-B40E158C8287}.Debug|x64.Build.0 = Debug|x64
		{DE06DEB0-B917-4E39-B9C1-B40E158C8287}.Debug|x86.ActiveCfg = Debug|Win32
		{DE06DEB0-B917-4E39-B9C1-B40E158C8287}.Debug|x86.Build.0 = Debug|Win32
		{DE06DEB0-B917-4E39-B9C1-B40E158C8287}.Release|x64.ActiveCfg = Release|x64
		{DE06DEB0-B917-4E39-B9C1-B40E158C8287}.Release|x64.Build.0 = Release|x64
		{DE06DEB0-B917-4E39-B9C1-B40E158C8287}.Release|x86.ActiveCfg = Release|Win32
		{DE06DEB0-B917-4E39-B9C1-B40E158C8287}.Release|x86.Build.0 = Release|Win32
		{4D3018B4-6A0F-431C-BF02-75AD66535A27}.Debug|x64.ActiveCfg = Debug|x64
		{4D3018B4-6A0F-431C-BF02-75AD66535A27}.Debug|x64.Build.0 = Debug|x64
		{4D3018B4-6A0F-431C-BF02-75AD66535A27}.Debug|x86.ActiveCfg = Debug|Win32
		{4D3018B4-6A0F-431C-BF02-75AD66535A27}.Debug|x86.Build.0 = Debug|Win32
		{4D3018B4-6A0F-431C-BF02-75AD66535A27}.Release|x64.ActiveCfg = Release|x64
		{4D3018B4-6A0F-431C-BF02-75AD66535A27}.Release|x64.Build.0 = Release|x64
		{4D3018B4-6A0F-431C-BF02-75AD66535A27}.Release|x86.ActiveCfg = Release|Win32
		{4D3018B4-6A0F-431C-BF02-75AD66535A27}.Release|x86.Build.0 = Release|Win32
		{78352647-994C-4F16-A864-05CDFC42B8EB}.Debug|x64.ActiveCfg = Debug|x64
		{78352647-994C-4F16-A864-05CDFC42B8EB}.Debug|x64.Build.0 = Debug|x64
		{78352647-994C-4F16-A864-05CDFC42B8EB}.Debug|x86.ActiveCfg = Debug|Win32
		{78352647-994C-4F16-A864-05CDFC42B8EB}.Debug|x86.Build.0 = Debug|Win32
		{78352647-994C-4F16-A864-05CDFC42B8EB}.Release|x64.ActiveCfg = Release|x64
		{78352647-994C-4F16-A864-05CDFC42B8EB}.Release|x64.Build.0 = Release|x64
		{78352647-994C-4F16-A864-05CDFC42B8EB}.Release|x86.ActiveCfg = Release|Win32
		{78352647-994C-4F16-A864-05CDFC42B8EB}.Release|x86.Build.0 = Release|Win32
		{A8B3FAEE-57EA-4A2F-92BD-123DADB0EDA9}.Debug|x64.ActiveCfg = Debug|x64
		{A8B3FAEE-57EA-4A2F-92BD-123DADB0EDA9}.Debug|x64.Build.0 = Debug|x64
		{A8B3FAEE-57EA-4A2F-92BD-123DADB0EDA9}.Debug|x86.ActiveCfg = Debug|Win32
		{A8B3FAEE-57EA-4A2F-92BD-123DADB0EDA9}.Debug|x86.Build.0 = Debug|Win32
		{A8B3FAEE-57EA-4A2F-92BD-123DADB0EDA9}.Release|x64.ActiveCfg = Release|x64
		{A8B3FAEE-57EA-4A2F-92BD-123DADB0EDA9}.Release|x64.Build.0 = Release|x64
		{A8B3FAEE-57EA-4A2F-92BD-123DADB0EDA9}.Release|x86.ActiveCfg = Release|Win32
		{A8B3FAEE-57EA-4A2F-92BD-123DADB0EDA9}.Release|x86.Build.0 = Release|Win32
		{14D58B35-D5A7-4A54-8593-271868AF3C03}.Debug|x64.ActiveCfg = Debug|x64
		{14D58B35-D5A7-4A54-8593-271868AF3C03}.Debug|x64.Build.0 = Debug|x64
		{14D58B35-D5A7-4A54-8593-271868AF3C03}.Debug|x86.ActiveCfg = Debug|Win32
		{14D58B35-D5A7-4A54-8593-271868AF3C03}.Debug|x86.Build.0 = Debug|Win32
		{14D58B35-D5A7-4A54-8593-271868AF3C03}.Release|x64.ActiveCfg = Release|x64
		{14D58B35-D5A7-4A54-8593-271868AF3C03}.Release|x64.Build.0 = Release|x64
		{14D58B35-D5A7-4A54-8593-271868AF3C03}.Release|x86.ActiveCfg = Release|Win32
		{14D58B35-D5A7-4A54-8593-271868AF3C03}.Release|x86.Build.0 = Release|Win32
		{0A848DEE-B871-4EB3-BCAA-F9D3B2EE2186}.Debug|x64.ActiveCfg = Debug|x64
		{0A848DEE-B871-4EB3-BCAA-F9D3B2EE2186}.Debug|x64.Build.0 = Debug|x64
		{0A848DEE-B871-4EB3-BCAA-F9D3B2EE2186}.Debug|x86.ActiveCfg = Debug|Win32
		{0A848DEE-B871-4EB3-BCAA-F9D3B2EE2186}.Debug|x86.Build.0 = Debug|Win32
		{0A848DEE-B871-4EB3-BCAA-F9D3B2EE2186}.Release|x64.ActiveCfg = Release|x64
		{0A848DEE-B871-4EB3-BCAA-F9D3B2EE2186}.Release|x64.Build.0 = Release|x64
		{0A848DEE-B871-4EB3-BCAA-F9D3B2EE2186}.Release|x86.ActiveCfg = Release|Win32
		{0A848DEE-B871-4EB3-BCAA-F9D3B2EE2186}.Release|x86.Build.0 = Release|Win32
		{A75ACC9C-0F6F-4488-958D-5523D7D99700}.Debug|x64.ActiveCfg = Debug|x64
		{A75ACC9C-0F6F-4488-958D-5523D7D99700}.Debug|x64.Build.0 = Debug|x64
		{A75ACC9C-0F6F-4488-958D-5523D7D99700}.Debug|x86.ActiveCfg = Debug|Win32
		{A75ACC9C-0F6F-4488-958D-5523D7D99700}.Debug|x86.Build.0 = Debug|Win32
		{A75ACC9C-0F6F-4488-958D-5523D7D99700}.Release|x64.ActiveCfg = Release|x64
		{A75ACC9C-0F6F-4488-958D-5523D7D99700}.Release|x64.Build.0 = Release|x64
		{A75ACC9C-0F6F-4488-958D-5523D7D99700}.Release|x86.ActiveCfg = Release|Win32
		{A75ACC9C-0F6F-4488-958D-5523D7D99700}.Release|x86.Build.0 = Release|Win32
		{18F243D3-06B8-4C71-B728-714A6FDD623F}.Debug|x64.ActiveCfg = Debug|x64
		{18F243D3-06B8-4C71-B728-714A6FDD623F}.Debug|x64.Build.0 = Debug|x64
		{18F243D3-06B8-4C71-B728-714A6FDD623F}.Debug|x86.ActiveCfg = Debug|Win32
		{18F243D3-06B8-4C71-B728-714A6FDD623F}.Debug|x86.Build.0 = Debug|Win32
		{18F243D3-06B8-4C71-B728-714A6FDD623F}.Release|x64.ActiveCfg = Release|x64
		{18F243D3-06B8-4C71-B728-714A6FDD623F}.Release|x64.Build.0 = Release|x64
		{18F243D3-06B8-4C71-B728-714A6FDD623F}.Release|x86.ActiveCfg = Release|Win32
		{18F243D3-06B8-4C71-B728-714A6FDD623F}.Release|x86.Build.0 = Release|Win32
		{D2AAC811-36F3-4164-AB59-E2B24ED162F9}.Debug|x64.ActiveCfg = Debug|x64
		{D2AAC811-36F3-4164-AB59-E2B24ED162F9}.Debug|x64.Build.0 = Debug|x64
		{D2AAC811-36F3-4164-AB59-E2B24ED162F9}.Debug|x86.ActiveCfg = Debug|Win32
		{D2AAC811-36F3-4164-AB59-E2B24ED162F9}.Debug|x86.Build.0 = Debug|Win32
		{D2AAC811-36F3-4164-AB59-E2B24ED162F9}.Release|x64.ActiveCfg = Release|x64
		{D2AAC811-36F3-4164-AB59-E2B24ED162F9}.Release|x64.Build.0 = Release|x64
		{D2AAC811-36F3-4164-AB59-E2B24ED162F9}.Release|x86.ActiveCfg = Release|Win32
		{D2AAC811-36F3-4164-AB59-E2B24ED162F9}.Release|x86.Build.0 = Release|Win32
		{3445FB2D-1515-4036-BFF1-CD9233478F74}.Debug|x64.ActiveCfg = Debug|x64
		{3445FB2D-1515-4036-BFF1-CD9233478F74}.Debug|x64.Build.0 = Debug|x64
		{3445FB2D-1515-4036-BFF1-CD9233478F74}.Debug|x86.ActiveCfg = Debug|Win32
		{3445FB2D-1515-4036-BFF1-CD9233478F74}.Debug|x86.Build.0 = Debug|Win32
		{3445FB2D-1515-4036-BFF1-CD9233478F74}.Release|x64.ActiveCfg = Release|x64
		{3445FB2D-1515-4036-BFF1-CD9233478F74}.Release|x64.Build.0 = Release|x64
		{3445FB2D-1515-4036-BFF1-CD9233478F74}.Release|x86.ActiveCfg = Release|Win32
		{3445FB2D-1515-4036-BFF1-CD9233478F74}.Release|x86.Build.0 = Release|Win32
	EndGlobalSection
	GlobalSection(SolutionProperties) = preSolution
		HideSolutionNode = FALSE
	EndGlobalSection
	GlobalSection(NestedProjects) = preSolution
		{B2F2DA53-93C5-4858-8063-2F25CB808199} = {DB85A9B5-7BB6-498E-9FC5-1F43D191D61F}
		{E99D6E54-CA74-43CA-A6D8-1F7A4303F693} = {B2F2DA53-93C5-4858-8063-2F25CB808199}
		{0B648EFE-0675-4E10-A18E-22BE11E10511} = {B2F2DA53-93C5-4858-8063-2F25CB808199}
		{9E402F9D-905B-4E77-A028-668F498E1729} = {B2F2DA53-93C5-4858-8063-2F25CB808199}
		{CEE46FFD-B0E9-492D-9642-D260FF4F22F9} = {DB85A9B5-7BB6-498E-9FC5-1F43D191D61F}
		{4C2CBF87-B59F-4E21-8651-D4CCBB2FD73B} = {CEE46FFD-B0E9-492D-9642-D260FF4F22F9}
		{5648ECD6-4DDC-4C60-A487-347931B3E753} = {B2F2DA53-93C5-4858-8063-2F25CB808199}
		{E0919925-A93B-4729-9F9B-37A9A09EB56A} = {DB85A9B5-7BB6-498E-9FC5-1F43D191D61F}
		{9140ABE3-BACC-4E38-A04A-598C5FE1A344} = {E0919925-A93B-4729-9F9B-37A9A09EB56A}
		{6C9CA200-09E8-4A91-985E-D01647EA8BA9} = {E0919925-A93B-4729-9F9B-37A9A09EB56A}
		{D16A1924-CFE8-493B-8915-9068C80FF162} = {E0919925-A93B-4729-9F9B-37A9A09EB56A}
		{DE06DEB0-B917-4E39-B9C1-B40E158C8287} = {E0919925-A93B-4729-9F9B-37A9A09EB56A}
		{4D3018B4-6A0F-431C-BF02-75AD66535A27} = {E0919925-A93B-4729-9F9B-37A9A09EB56A}
		{77B6CE31-394A-46D4-AA80-3FEBBCDA4961} = {DB85A9B5-7BB6-498E-9FC5-1F43D191D61F}
		{5BCC9C1B-A0CF-439F-B1E8-FAD4B2F7B033} = {DB85A9B5-7BB6-498E-9FC5-1F43D191D61F}
		{78352647-994C-4F16-A864-05CDFC42B8EB} = {5BCC9C1B-A0CF-439F-B1E8-FAD4B2F7B033}
		{A8B3FAEE-57EA-4A2F-92BD-123DADB0EDA9} = {CEE46FFD-B0E9-492D-9642-D260FF4F22F9}
		{14D58B35-D5A7-4A54-8593-271868AF3C03} = {CEE46FFD-B0E9-492D-9642-D260FF4F22F9}
		{0A848DEE-B871-4EB3-BCAA-F9D3B2EE2186} = {CEE46FFD-B0E9-492D-9642-D260FF4F22F9}
		{A75ACC9C-0F6F-4488-958D-5523D7D99700} = {DB85A9B5-7BB6-498E-9FC5-1F43D191D61F}
		{18F243D3-06B8-4C71-B728-714A6FDD623F} = {77B6CE31-394A-46D4-AA80-3FEBBCDA4961}
		{D2AAC811-36F3-4164-AB59-E2B24ED162F9} = {77B6CE31-394A-46D4-AA80-3FEBBCDA4961}
		{3445FB2D-1515-4036-BFF1-CD9233478F74} = {77B6CE31-394A-46D4-AA80-3FEBBCDA4961}
	EndGlobalSection
	GlobalSection(ExtensibilityGlobals) = postSolution
		SolutionGuid = {C2ED7C39-D350-45E8-8AA3-2C4B80B5CF91}
	EndGlobalSection
EndGlobal
